// !$*UTF8*$!
{
	archiveVersion = 1;
	classes = {
	};
	objectVersion = 55;
	objects = {

/* Begin PBXBuildFile section */
		A31970E72885B2EB00182C66 /* ImageFeedSwiftUITests.swift in Sources */ = {isa = PBXBuildFile; fileRef = A31970E62885B2EB00182C66 /* ImageFeedSwiftUITests.swift */; };
		A31970EE2885BB3700182C66 /* Mock.json in Resources */ = {isa = PBXBuildFile; fileRef = A31970ED2885BB3700182C66 /* Mock.json */; };
		A34421F62869D1CB00CCD8CC /* ImageFeedSwiftUIApp.swift in Sources */ = {isa = PBXBuildFile; fileRef = A34421F52869D1CB00CCD8CC /* ImageFeedSwiftUIApp.swift */; };
		A34421F82869D1CB00CCD8CC /* ContentView.swift in Sources */ = {isa = PBXBuildFile; fileRef = A34421F72869D1CB00CCD8CC /* ContentView.swift */; };
		A34421FA2869D1CD00CCD8CC /* Assets.xcassets in Resources */ = {isa = PBXBuildFile; fileRef = A34421F92869D1CD00CCD8CC /* Assets.xcassets */; };
		A34421FD2869D1CD00CCD8CC /* Preview Assets.xcassets in Resources */ = {isa = PBXBuildFile; fileRef = A34421FC2869D1CD00CCD8CC /* Preview Assets.xcassets */; };
		A351B6C728785026004131FB /* WidgetKit.framework in Frameworks */ = {isa = PBXBuildFile; fileRef = A351B6C628785026004131FB /* WidgetKit.framework */; };
		A351B6C928785026004131FB /* SwiftUI.framework in Frameworks */ = {isa = PBXBuildFile; fileRef = A351B6C828785026004131FB /* SwiftUI.framework */; };
		A351B6CC28785026004131FB /* ImageFeedWidget.swift in Sources */ = {isa = PBXBuildFile; fileRef = A351B6CB28785026004131FB /* ImageFeedWidget.swift */; };
		A351B6CF28785029004131FB /* Assets.xcassets in Resources */ = {isa = PBXBuildFile; fileRef = A351B6CE28785029004131FB /* Assets.xcassets */; };
		A351B6D128785029004131FB /* ImageFeedWidget.intentdefinition in Sources */ = {isa = PBXBuildFile; fileRef = A351B6CD28785026004131FB /* ImageFeedWidget.intentdefinition */; };
		A351B6D228785029004131FB /* ImageFeedWidget.intentdefinition in Sources */ = {isa = PBXBuildFile; fileRef = A351B6CD28785026004131FB /* ImageFeedWidget.intentdefinition */; };
		A351B6D528785029004131FB /* ImageFeedWidgetExtension.appex in Embed App Extensions */ = {isa = PBXBuildFile; fileRef = A351B6C428785026004131FB /* ImageFeedWidgetExtension.appex */; settings = {ATTRIBUTES = (RemoveHeadersOnCopy, ); }; };
		A36E197F287F0AD4006407AE /* ImageFeedViewModel.swift in Sources */ = {isa = PBXBuildFile; fileRef = A36E197E287F0AD4006407AE /* ImageFeedViewModel.swift */; };
		A36E1980287F0E96006407AE /* PhotoCellViewModel.swift in Sources */ = {isa = PBXBuildFile; fileRef = A35031F5287EF0D8000391B9 /* PhotoCellViewModel.swift */; };
		A3A2A1692875B54900EB78C2 /* Utilities in Resources */ = {isa = PBXBuildFile; fileRef = A3A2A1672875B54800EB78C2 /* Utilities */; };
		A3A2A16A2875B54900EB78C2 /* Service in Resources */ = {isa = PBXBuildFile; fileRef = A3A2A1682875B54800EB78C2 /* Service */; };
		A3A2A16E2875B55900EB78C2 /* PhotoService in Resources */ = {isa = PBXBuildFile; fileRef = A3A2A16C2875B55900EB78C2 /* PhotoService */; };
		A3A2A1702875BE5700EB78C2 /* PhotoList in Resources */ = {isa = PBXBuildFile; fileRef = A3A2A16F2875BE5700EB78C2 /* PhotoList */; };
		A3A2A17E2875C98D00EB78C2 /* Photo.swift in Sources */ = {isa = PBXBuildFile; fileRef = A3A2A17D2875C98D00EB78C2 /* Photo.swift */; };
		A3A2A1802875C99D00EB78C2 /* PhotoDataRequest.swift in Sources */ = {isa = PBXBuildFile; fileRef = A3A2A17F2875C99D00EB78C2 /* PhotoDataRequest.swift */; };
		A3A2A1822875CA1C00EB78C2 /* RestAPIHelper.swift in Sources */ = {isa = PBXBuildFile; fileRef = A3A2A1812875CA1C00EB78C2 /* RestAPIHelper.swift */; };
		A3A2A1842875CA2C00EB78C2 /* HelperClass.swift in Sources */ = {isa = PBXBuildFile; fileRef = A3A2A1832875CA2C00EB78C2 /* HelperClass.swift */; };
		A3A2A1892876DFE400EB78C2 /* SwiftUIInfiniteList in Frameworks */ = {isa = PBXBuildFile; productRef = A3A2A1882876DFE400EB78C2 /* SwiftUIInfiniteList */; };
		A3D60D2C2881603D00C62659 /* Reachability in Frameworks */ = {isa = PBXBuildFile; productRef = A3D60D2B2881603D00C62659 /* Reachability */; };
/* End PBXBuildFile section */

/* Begin PBXContainerItemProxy section */
		A31970E82885B2EB00182C66 /* PBXContainerItemProxy */ = {
			isa = PBXContainerItemProxy;
			containerPortal = A34421EA2869D1CB00CCD8CC /* Project object */;
			proxyType = 1;
			remoteGlobalIDString = A34421F12869D1CB00CCD8CC;
			remoteInfo = ImageFeedSwiftUI;
		};
		A351B6D328785029004131FB /* PBXContainerItemProxy */ = {
			isa = PBXContainerItemProxy;
			containerPortal = A34421EA2869D1CB00CCD8CC /* Project object */;
			proxyType = 1;
			remoteGlobalIDString = A351B6C328785026004131FB;
			remoteInfo = ImageFeedWidgetExtension;
		};
/* End PBXContainerItemProxy section */

/* Begin PBXCopyFilesBuildPhase section */
		A351B6D628785029004131FB /* Embed App Extensions */ = {
			isa = PBXCopyFilesBuildPhase;
			buildActionMask = 2147483647;
			dstPath = "";
			dstSubfolderSpec = 13;
			files = (
				A351B6D528785029004131FB /* ImageFeedWidgetExtension.appex in Embed App Extensions */,
			);
			name = "Embed App Extensions";
			runOnlyForDeploymentPostprocessing = 0;
		};
/* End PBXCopyFilesBuildPhase section */

/* Begin PBXFileReference section */
		A31970E42885B2EB00182C66 /* ImageFeedSwiftUITests.xctest */ = {isa = PBXFileReference; explicitFileType = wrapper.cfbundle; includeInIndex = 0; path = ImageFeedSwiftUITests.xctest; sourceTree = BUILT_PRODUCTS_DIR; };
		A31970E62885B2EB00182C66 /* ImageFeedSwiftUITests.swift */ = {isa = PBXFileReference; lastKnownFileType = sourcecode.swift; path = ImageFeedSwiftUITests.swift; sourceTree = "<group>"; };
		A31970ED2885BB3700182C66 /* Mock.json */ = {isa = PBXFileReference; fileEncoding = 4; lastKnownFileType = text.json; path = Mock.json; sourceTree = "<group>"; };
		A34421F22869D1CB00CCD8CC /* ImageFeedSwiftUI.app */ = {isa = PBXFileReference; explicitFileType = wrapper.application; includeInIndex = 0; path = ImageFeedSwiftUI.app; sourceTree = BUILT_PRODUCTS_DIR; };
		A34421F52869D1CB00CCD8CC /* ImageFeedSwiftUIApp.swift */ = {isa = PBXFileReference; lastKnownFileType = sourcecode.swift; path = ImageFeedSwiftUIApp.swift; sourceTree = "<group>"; };
		A34421F72869D1CB00CCD8CC /* ContentView.swift */ = {isa = PBXFileReference; lastKnownFileType = sourcecode.swift; path = ContentView.swift; sourceTree = "<group>"; };
		A34421F92869D1CD00CCD8CC /* Assets.xcassets */ = {isa = PBXFileReference; lastKnownFileType = folder.assetcatalog; path = Assets.xcassets; sourceTree = "<group>"; };
		A34421FC2869D1CD00CCD8CC /* Preview Assets.xcassets */ = {isa = PBXFileReference; lastKnownFileType = folder.assetcatalog; path = "Preview Assets.xcassets"; sourceTree = "<group>"; };
		A35031F5287EF0D8000391B9 /* PhotoCellViewModel.swift */ = {isa = PBXFileReference; lastKnownFileType = sourcecode.swift; name = PhotoCellViewModel.swift; path = ImageFeedSwiftUI/PhotoList/ViewModel/PhotoCellViewModel.swift; sourceTree = "<group>"; };
		A351B6C428785026004131FB /* ImageFeedWidgetExtension.appex */ = {isa = PBXFileReference; explicitFileType = "wrapper.app-extension"; includeInIndex = 0; path = ImageFeedWidgetExtension.appex; sourceTree = BUILT_PRODUCTS_DIR; };
		A351B6C628785026004131FB /* WidgetKit.framework */ = {isa = PBXFileReference; lastKnownFileType = wrapper.framework; name = WidgetKit.framework; path = System/Library/Frameworks/WidgetKit.framework; sourceTree = SDKROOT; };
		A351B6C828785026004131FB /* SwiftUI.framework */ = {isa = PBXFileReference; lastKnownFileType = wrapper.framework; name = SwiftUI.framework; path = System/Library/Frameworks/SwiftUI.framework; sourceTree = SDKROOT; };
		A351B6CB28785026004131FB /* ImageFeedWidget.swift */ = {isa = PBXFileReference; lastKnownFileType = sourcecode.swift; path = ImageFeedWidget.swift; sourceTree = "<group>"; };
		A351B6CD28785026004131FB /* ImageFeedWidget.intentdefinition */ = {isa = PBXFileReference; lastKnownFileType = file.intentdefinition; path = ImageFeedWidget.intentdefinition; sourceTree = "<group>"; };
		A351B6CE28785029004131FB /* Assets.xcassets */ = {isa = PBXFileReference; lastKnownFileType = folder.assetcatalog; path = Assets.xcassets; sourceTree = "<group>"; };
		A351B6D028785029004131FB /* Info.plist */ = {isa = PBXFileReference; lastKnownFileType = text.plist.xml; path = Info.plist; sourceTree = "<group>"; };
		A36E197E287F0AD4006407AE /* ImageFeedViewModel.swift */ = {isa = PBXFileReference; lastKnownFileType = sourcecode.swift; name = ImageFeedViewModel.swift; path = ImageFeedSwiftUI/PhotoList/ViewModel/ImageFeedViewModel.swift; sourceTree = "<group>"; };
		A3A2A1672875B54800EB78C2 /* Utilities */ = {isa = PBXFileReference; lastKnownFileType = folder; path = Utilities; sourceTree = "<group>"; };
		A3A2A1682875B54800EB78C2 /* Service */ = {isa = PBXFileReference; lastKnownFileType = folder; path = Service; sourceTree = "<group>"; };
		A3A2A16C2875B55900EB78C2 /* PhotoService */ = {isa = PBXFileReference; lastKnownFileType = folder; path = PhotoService; sourceTree = "<group>"; };
		A3A2A16F2875BE5700EB78C2 /* PhotoList */ = {isa = PBXFileReference; lastKnownFileType = folder; path = PhotoList; sourceTree = "<group>"; };
		A3A2A17D2875C98D00EB78C2 /* Photo.swift */ = {isa = PBXFileReference; lastKnownFileType = sourcecode.swift; name = Photo.swift; path = ImageFeedSwiftUI/PhotoList/Model/Photo.swift; sourceTree = "<group>"; };
		A3A2A17F2875C99D00EB78C2 /* PhotoDataRequest.swift */ = {isa = PBXFileReference; lastKnownFileType = sourcecode.swift; name = PhotoDataRequest.swift; path = ImageFeedSwiftUI/PhotoService/PhotoDataRequest.swift; sourceTree = "<group>"; };
		A3A2A1812875CA1C00EB78C2 /* RestAPIHelper.swift */ = {isa = PBXFileReference; lastKnownFileType = sourcecode.swift; name = RestAPIHelper.swift; path = ImageFeedSwiftUI/Service/RestAPIHelper.swift; sourceTree = "<group>"; };
		A3A2A1832875CA2C00EB78C2 /* HelperClass.swift */ = {isa = PBXFileReference; lastKnownFileType = sourcecode.swift; name = HelperClass.swift; path = ImageFeedSwiftUI/Utilities/HelperClass.swift; sourceTree = "<group>"; };
/* End PBXFileReference section */

/* Begin PBXFrameworksBuildPhase section */
		A31970E12885B2EB00182C66 /* Frameworks */ = {
			isa = PBXFrameworksBuildPhase;
			buildActionMask = 2147483647;
			files = (
			);
			runOnlyForDeploymentPostprocessing = 0;
		};
		A34421EF2869D1CB00CCD8CC /* Frameworks */ = {
			isa = PBXFrameworksBuildPhase;
			buildActionMask = 2147483647;
			files = (
				A3A2A1892876DFE400EB78C2 /* SwiftUIInfiniteList in Frameworks */,
				A3D60D2C2881603D00C62659 /* Reachability in Frameworks */,
			);
			runOnlyForDeploymentPostprocessing = 0;
		};
		A351B6C128785026004131FB /* Frameworks */ = {
			isa = PBXFrameworksBuildPhase;
			buildActionMask = 2147483647;
			files = (
				A351B6C928785026004131FB /* SwiftUI.framework in Frameworks */,
				A351B6C728785026004131FB /* WidgetKit.framework in Frameworks */,
			);
			runOnlyForDeploymentPostprocessing = 0;
		};
/* End PBXFrameworksBuildPhase section */

/* Begin PBXGroup section */
		A31970E52885B2EB00182C66 /* ImageFeedSwiftUITests */ = {
			isa = PBXGroup;
			children = (
				A31970E62885B2EB00182C66 /* ImageFeedSwiftUITests.swift */,
			);
			path = ImageFeedSwiftUITests;
			sourceTree = "<group>";
		};
		A34421E92869D1CB00CCD8CC = {
			isa = PBXGroup;
			children = (
				A31970ED2885BB3700182C66 /* Mock.json */,
				A36E197E287F0AD4006407AE /* ImageFeedViewModel.swift */,
				A35031F5287EF0D8000391B9 /* PhotoCellViewModel.swift */,
				A3A2A1832875CA2C00EB78C2 /* HelperClass.swift */,
				A3A2A1812875CA1C00EB78C2 /* RestAPIHelper.swift */,
				A3A2A17F2875C99D00EB78C2 /* PhotoDataRequest.swift */,
				A3A2A17D2875C98D00EB78C2 /* Photo.swift */,
				A34421F42869D1CB00CCD8CC /* ImageFeedSwiftUI */,
				A351B6CA28785026004131FB /* ImageFeedWidget */,
				A31970E52885B2EB00182C66 /* ImageFeedSwiftUITests */,
				A351B6C528785026004131FB /* Frameworks */,
				A34421F32869D1CB00CCD8CC /* Products */,
			);
			sourceTree = "<group>";
		};
		A34421F32869D1CB00CCD8CC /* Products */ = {
			isa = PBXGroup;
			children = (
				A34421F22869D1CB00CCD8CC /* ImageFeedSwiftUI.app */,
				A351B6C428785026004131FB /* ImageFeedWidgetExtension.appex */,
				A31970E42885B2EB00182C66 /* ImageFeedSwiftUITests.xctest */,
			);
			name = Products;
			sourceTree = "<group>";
		};
		A34421F42869D1CB00CCD8CC /* ImageFeedSwiftUI */ = {
			isa = PBXGroup;
			children = (
				A3A2A16F2875BE5700EB78C2 /* PhotoList */,
				A3A2A16C2875B55900EB78C2 /* PhotoService */,
				A3A2A1682875B54800EB78C2 /* Service */,
				A3A2A1672875B54800EB78C2 /* Utilities */,
				A34421F52869D1CB00CCD8CC /* ImageFeedSwiftUIApp.swift */,
				A34421F72869D1CB00CCD8CC /* ContentView.swift */,
				A34421F92869D1CD00CCD8CC /* Assets.xcassets */,
				A34421FB2869D1CD00CCD8CC /* Preview Content */,
			);
			path = ImageFeedSwiftUI;
			sourceTree = "<group>";
		};
		A34421FB2869D1CD00CCD8CC /* Preview Content */ = {
			isa = PBXGroup;
			children = (
				A34421FC2869D1CD00CCD8CC /* Preview Assets.xcassets */,
			);
			path = "Preview Content";
			sourceTree = "<group>";
		};
		A351B6C528785026004131FB /* Frameworks */ = {
			isa = PBXGroup;
			children = (
				A351B6C628785026004131FB /* WidgetKit.framework */,
				A351B6C828785026004131FB /* SwiftUI.framework */,
			);
			name = Frameworks;
			sourceTree = "<group>";
		};
		A351B6CA28785026004131FB /* ImageFeedWidget */ = {
			isa = PBXGroup;
			children = (
				A351B6CB28785026004131FB /* ImageFeedWidget.swift */,
				A351B6CD28785026004131FB /* ImageFeedWidget.intentdefinition */,
				A351B6CE28785029004131FB /* Assets.xcassets */,
				A351B6D028785029004131FB /* Info.plist */,
			);
			path = ImageFeedWidget;
			sourceTree = "<group>";
		};
/* End PBXGroup section */

/* Begin PBXNativeTarget section */
		A31970E32885B2EB00182C66 /* ImageFeedSwiftUITests */ = {
			isa = PBXNativeTarget;
			buildConfigurationList = A31970EC2885B2EB00182C66 /* Build configuration list for PBXNativeTarget "ImageFeedSwiftUITests" */;
			buildPhases = (
				A31970E02885B2EB00182C66 /* Sources */,
				A31970E12885B2EB00182C66 /* Frameworks */,
				A31970E22885B2EB00182C66 /* Resources */,
			);
			buildRules = (
			);
			dependencies = (
				A31970E92885B2EB00182C66 /* PBXTargetDependency */,
			);
			name = ImageFeedSwiftUITests;
			productName = ImageFeedSwiftUITests;
			productReference = A31970E42885B2EB00182C66 /* ImageFeedSwiftUITests.xctest */;
			productType = "com.apple.product-type.bundle.unit-test";
		};
		A34421F12869D1CB00CCD8CC /* ImageFeedSwiftUI */ = {
			isa = PBXNativeTarget;
			buildConfigurationList = A34422002869D1CD00CCD8CC /* Build configuration list for PBXNativeTarget "ImageFeedSwiftUI" */;
			buildPhases = (
				A34421EE2869D1CB00CCD8CC /* Sources */,
				A34421EF2869D1CB00CCD8CC /* Frameworks */,
				A34421F02869D1CB00CCD8CC /* Resources */,
				A351B6D628785029004131FB /* Embed App Extensions */,
			);
			buildRules = (
			);
			dependencies = (
				A351B6D428785029004131FB /* PBXTargetDependency */,
			);
			name = ImageFeedSwiftUI;
			packageProductDependencies = (
				A3A2A1882876DFE400EB78C2 /* SwiftUIInfiniteList */,
				A3D60D2B2881603D00C62659 /* Reachability */,
			);
			productName = ImageFeedSwiftUI;
			productReference = A34421F22869D1CB00CCD8CC /* ImageFeedSwiftUI.app */;
			productType = "com.apple.product-type.application";
		};
		A351B6C328785026004131FB /* ImageFeedWidgetExtension */ = {
			isa = PBXNativeTarget;
			buildConfigurationList = A351B6D928785029004131FB /* Build configuration list for PBXNativeTarget "ImageFeedWidgetExtension" */;
			buildPhases = (
				A351B6C028785026004131FB /* Sources */,
				A351B6C128785026004131FB /* Frameworks */,
				A351B6C228785026004131FB /* Resources */,
			);
			buildRules = (
			);
			dependencies = (
			);
			name = ImageFeedWidgetExtension;
			productName = ImageFeedWidgetExtension;
			productReference = A351B6C428785026004131FB /* ImageFeedWidgetExtension.appex */;
			productType = "com.apple.product-type.app-extension";
		};
/* End PBXNativeTarget section */

/* Begin PBXProject section */
		A34421EA2869D1CB00CCD8CC /* Project object */ = {
			isa = PBXProject;
			attributes = {
				BuildIndependentTargetsInParallel = 1;
				LastSwiftUpdateCheck = 1320;
				LastUpgradeCheck = 1320;
				TargetAttributes = {
					A31970E32885B2EB00182C66 = {
						CreatedOnToolsVersion = 13.2.1;
						TestTargetID = A34421F12869D1CB00CCD8CC;
					};
					A34421F12869D1CB00CCD8CC = {
						CreatedOnToolsVersion = 13.2.1;
					};
					A351B6C328785026004131FB = {
						CreatedOnToolsVersion = 13.2.1;
					};
				};
			};
			buildConfigurationList = A34421ED2869D1CB00CCD8CC /* Build configuration list for PBXProject "ImageFeedSwiftUI" */;
			compatibilityVersion = "Xcode 13.0";
			developmentRegion = en;
			hasScannedForEncodings = 0;
			knownRegions = (
				en,
				Base,
			);
			mainGroup = A34421E92869D1CB00CCD8CC;
			packageReferences = (
				A3A2A1872876DFE400EB78C2 /* XCRemoteSwiftPackageReference "swiftui-infinite-list" */,
				A3D60D2A2881603D00C62659 /* XCRemoteSwiftPackageReference "Reachability" */,
			);
			productRefGroup = A34421F32869D1CB00CCD8CC /* Products */;
			projectDirPath = "";
			projectRoot = "";
			targets = (
				A34421F12869D1CB00CCD8CC /* ImageFeedSwiftUI */,
				A351B6C328785026004131FB /* ImageFeedWidgetExtension */,
				A31970E32885B2EB00182C66 /* ImageFeedSwiftUITests */,
			);
		};
/* End PBXProject section */

/* Begin PBXResourcesBuildPhase section */
		A31970E22885B2EB00182C66 /* Resources */ = {
			isa = PBXResourcesBuildPhase;
			buildActionMask = 2147483647;
			files = (
			);
			runOnlyForDeploymentPostprocessing = 0;
		};
		A34421F02869D1CB00CCD8CC /* Resources */ = {
			isa = PBXResourcesBuildPhase;
			buildActionMask = 2147483647;
			files = (
				A3A2A16A2875B54900EB78C2 /* Service in Resources */,
				A34421FD2869D1CD00CCD8CC /* Preview Assets.xcassets in Resources */,
				A3A2A1692875B54900EB78C2 /* Utilities in Resources */,
				A31970EE2885BB3700182C66 /* Mock.json in Resources */,
				A3A2A1702875BE5700EB78C2 /* PhotoList in Resources */,
				A34421FA2869D1CD00CCD8CC /* Assets.xcassets in Resources */,
				A3A2A16E2875B55900EB78C2 /* PhotoService in Resources */,
			);
			runOnlyForDeploymentPostprocessing = 0;
		};
		A351B6C228785026004131FB /* Resources */ = {
			isa = PBXResourcesBuildPhase;
			buildActionMask = 2147483647;
			files = (
				A351B6CF28785029004131FB /* Assets.xcassets in Resources */,
			);
			runOnlyForDeploymentPostprocessing = 0;
		};
/* End PBXResourcesBuildPhase section */

/* Begin PBXSourcesBuildPhase section */
		A31970E02885B2EB00182C66 /* Sources */ = {
			isa = PBXSourcesBuildPhase;
			buildActionMask = 2147483647;
			files = (
				A31970E72885B2EB00182C66 /* ImageFeedSwiftUITests.swift in Sources */,
			);
			runOnlyForDeploymentPostprocessing = 0;
		};
		A34421EE2869D1CB00CCD8CC /* Sources */ = {
			isa = PBXSourcesBuildPhase;
			buildActionMask = 2147483647;
			files = (
				A36E1980287F0E96006407AE /* PhotoCellViewModel.swift in Sources */,
				A36E197F287F0AD4006407AE /* ImageFeedViewModel.swift in Sources */,
				A351B6D228785029004131FB /* ImageFeedWidget.intentdefinition in Sources */,
				A3A2A1842875CA2C00EB78C2 /* HelperClass.swift in Sources */,
				A3A2A1822875CA1C00EB78C2 /* RestAPIHelper.swift in Sources */,
				A3A2A1802875C99D00EB78C2 /* PhotoDataRequest.swift in Sources */,
				A3A2A17E2875C98D00EB78C2 /* Photo.swift in Sources */,
				A34421F82869D1CB00CCD8CC /* ContentView.swift in Sources */,
				A34421F62869D1CB00CCD8CC /* ImageFeedSwiftUIApp.swift in Sources */,
			);
			runOnlyForDeploymentPostprocessing = 0;
		};
		A351B6C028785026004131FB /* Sources */ = {
			isa = PBXSourcesBuildPhase;
			buildActionMask = 2147483647;
			files = (
				A351B6D128785029004131FB /* ImageFeedWidget.intentdefinition in Sources */,
				A351B6CC28785026004131FB /* ImageFeedWidget.swift in Sources */,
			);
			runOnlyForDeploymentPostprocessing = 0;
		};
/* End PBXSourcesBuildPhase section */

/* Begin PBXTargetDependency section */
		A31970E92885B2EB00182C66 /* PBXTargetDependency */ = {
			isa = PBXTargetDependency;
			target = A34421F12869D1CB00CCD8CC /* ImageFeedSwiftUI */;
			targetProxy = A31970E82885B2EB00182C66 /* PBXContainerItemProxy */;
		};
		A351B6D428785029004131FB /* PBXTargetDependency */ = {
			isa = PBXTargetDependency;
			target = A351B6C328785026004131FB /* ImageFeedWidgetExtension */;
			targetProxy = A351B6D328785029004131FB /* PBXContainerItemProxy */;
		};
/* End PBXTargetDependency section */

/* Begin XCBuildConfiguration section */
		A31970EA2885B2EB00182C66 /* Debug */ = {
			isa = XCBuildConfiguration;
			buildSettings = {
				BUNDLE_LOADER = "$(TEST_HOST)";
				CODE_SIGN_STYLE = Automatic;
				CURRENT_PROJECT_VERSION = 1;
				GENERATE_INFOPLIST_FILE = YES;
				MARKETING_VERSION = 1.0;
				PRODUCT_BUNDLE_IDENTIFIER = com.pasteboard.ImageFeedSwiftUITests;
				PRODUCT_NAME = "$(TARGET_NAME)";
				SWIFT_EMIT_LOC_STRINGS = NO;
				SWIFT_VERSION = 5.0;
				TARGETED_DEVICE_FAMILY = "1,2";
				TEST_HOST = "$(BUILT_PRODUCTS_DIR)/ImageFeedSwiftUI.app/ImageFeedSwiftUI";
			};
			name = Debug;
		};
		A31970EB2885B2EB00182C66 /* Release */ = {
			isa = XCBuildConfiguration;
			buildSettings = {
				BUNDLE_LOADER = "$(TEST_HOST)";
				CODE_SIGN_STYLE = Automatic;
				CURRENT_PROJECT_VERSION = 1;
				GENERATE_INFOPLIST_FILE = YES;
				MARKETING_VERSION = 1.0;
				PRODUCT_BUNDLE_IDENTIFIER = com.pasteboard.ImageFeedSwiftUITests;
				PRODUCT_NAME = "$(TARGET_NAME)";
				SWIFT_EMIT_LOC_STRINGS = NO;
				SWIFT_VERSION = 5.0;
				TARGETED_DEVICE_FAMILY = "1,2";
				TEST_HOST = "$(BUILT_PRODUCTS_DIR)/ImageFeedSwiftUI.app/ImageFeedSwiftUI";
			};
			name = Release;
		};
		A34421FE2869D1CD00CCD8CC /* Debug */ = {
			isa = XCBuildConfiguration;
			buildSettings = {
				ALWAYS_SEARCH_USER_PATHS = NO;
				CLANG_ANALYZER_NONNULL = YES;
				CLANG_ANALYZER_NUMBER_OBJECT_CONVERSION = YES_AGGRESSIVE;
				CLANG_CXX_LANGUAGE_STANDARD = "gnu++17";
				CLANG_CXX_LIBRARY = "libc++";
				CLANG_ENABLE_MODULES = YES;
				CLANG_ENABLE_OBJC_ARC = YES;
				CLANG_ENABLE_OBJC_WEAK = YES;
				CLANG_WARN_BLOCK_CAPTURE_AUTORELEASING = YES;
				CLANG_WARN_BOOL_CONVERSION = YES;
				CLANG_WARN_COMMA = YES;
				CLANG_WARN_CONSTANT_CONVERSION = YES;
				CLANG_WARN_DEPRECATED_OBJC_IMPLEMENTATIONS = YES;
				CLANG_WARN_DIRECT_OBJC_ISA_USAGE = YES_ERROR;
				CLANG_WARN_DOCUMENTATION_COMMENTS = YES;
				CLANG_WARN_EMPTY_BODY = YES;
				CLANG_WARN_ENUM_CONVERSION = YES;
				CLANG_WARN_INFINITE_RECURSION = YES;
				CLANG_WARN_INT_CONVERSION = YES;
				CLANG_WARN_NON_LITERAL_NULL_CONVERSION = YES;
				CLANG_WARN_OBJC_IMPLICIT_RETAIN_SELF = YES;
				CLANG_WARN_OBJC_LITERAL_CONVERSION = YES;
				CLANG_WARN_OBJC_ROOT_CLASS = YES_ERROR;
				CLANG_WARN_QUOTED_INCLUDE_IN_FRAMEWORK_HEADER = YES;
				CLANG_WARN_RANGE_LOOP_ANALYSIS = YES;
				CLANG_WARN_STRICT_PROTOTYPES = YES;
				CLANG_WARN_SUSPICIOUS_MOVE = YES;
				CLANG_WARN_UNGUARDED_AVAILABILITY = YES_AGGRESSIVE;
				CLANG_WARN_UNREACHABLE_CODE = YES;
				CLANG_WARN__DUPLICATE_METHOD_MATCH = YES;
				COPY_PHASE_STRIP = NO;
				DEBUG_INFORMATION_FORMAT = dwarf;
				ENABLE_STRICT_OBJC_MSGSEND = YES;
				ENABLE_TESTABILITY = YES;
				GCC_C_LANGUAGE_STANDARD = gnu11;
				GCC_DYNAMIC_NO_PIC = NO;
				GCC_NO_COMMON_BLOCKS = YES;
				GCC_OPTIMIZATION_LEVEL = 0;
				GCC_PREPROCESSOR_DEFINITIONS = (
					"DEBUG=1",
					"$(inherited)",
				);
				GCC_WARN_64_TO_32_BIT_CONVERSION = YES;
				GCC_WARN_ABOUT_RETURN_TYPE = YES_ERROR;
				GCC_WARN_UNDECLARED_SELECTOR = YES;
				GCC_WARN_UNINITIALIZED_AUTOS = YES_AGGRESSIVE;
				GCC_WARN_UNUSED_FUNCTION = YES;
				GCC_WARN_UNUSED_VARIABLE = YES;
				IPHONEOS_DEPLOYMENT_TARGET = 15.2;
				MTL_ENABLE_DEBUG_INFO = INCLUDE_SOURCE;
				MTL_FAST_MATH = YES;
				ONLY_ACTIVE_ARCH = YES;
				SDKROOT = iphoneos;
				SWIFT_ACTIVE_COMPILATION_CONDITIONS = DEBUG;
				SWIFT_OPTIMIZATION_LEVEL = "-Onone";
			};
			name = Debug;
		};
		A34421FF2869D1CD00CCD8CC /* Release */ = {
			isa = XCBuildConfiguration;
			buildSettings = {
				ALWAYS_SEARCH_USER_PATHS = NO;
				CLANG_ANALYZER_NONNULL = YES;
				CLANG_ANALYZER_NUMBER_OBJECT_CONVERSION = YES_AGGRESSIVE;
				CLANG_CXX_LANGUAGE_STANDARD = "gnu++17";
				CLANG_CXX_LIBRARY = "libc++";
				CLANG_ENABLE_MODULES = YES;
				CLANG_ENABLE_OBJC_ARC = YES;
				CLANG_ENABLE_OBJC_WEAK = YES;
				CLANG_WARN_BLOCK_CAPTURE_AUTORELEASING = YES;
				CLANG_WARN_BOOL_CONVERSION = YES;
				CLANG_WARN_COMMA = YES;
				CLANG_WARN_CONSTANT_CONVERSION = YES;
				CLANG_WARN_DEPRECATED_OBJC_IMPLEMENTATIONS = YES;
				CLANG_WARN_DIRECT_OBJC_ISA_USAGE = YES_ERROR;
				CLANG_WARN_DOCUMENTATION_COMMENTS = YES;
				CLANG_WARN_EMPTY_BODY = YES;
				CLANG_WARN_ENUM_CONVERSION = YES;
				CLANG_WARN_INFINITE_RECURSION = YES;
				CLANG_WARN_INT_CONVERSION = YES;
				CLANG_WARN_NON_LITERAL_NULL_CONVERSION = YES;
				CLANG_WARN_OBJC_IMPLICIT_RETAIN_SELF = YES;
				CLANG_WARN_OBJC_LITERAL_CONVERSION = YES;
				CLANG_WARN_OBJC_ROOT_CLASS = YES_ERROR;
				CLANG_WARN_QUOTED_INCLUDE_IN_FRAMEWORK_HEADER = YES;
				CLANG_WARN_RANGE_LOOP_ANALYSIS = YES;
				CLANG_WARN_STRICT_PROTOTYPES = YES;
				CLANG_WARN_SUSPICIOUS_MOVE = YES;
				CLANG_WARN_UNGUARDED_AVAILABILITY = YES_AGGRESSIVE;
				CLANG_WARN_UNREACHABLE_CODE = YES;
				CLANG_WARN__DUPLICATE_METHOD_MATCH = YES;
				COPY_PHASE_STRIP = NO;
				DEBUG_INFORMATION_FORMAT = "dwarf-with-dsym";
				ENABLE_NS_ASSERTIONS = NO;
				ENABLE_STRICT_OBJC_MSGSEND = YES;
				GCC_C_LANGUAGE_STANDARD = gnu11;
				GCC_NO_COMMON_BLOCKS = YES;
				GCC_WARN_64_TO_32_BIT_CONVERSION = YES;
				GCC_WARN_ABOUT_RETURN_TYPE = YES_ERROR;
				GCC_WARN_UNDECLARED_SELECTOR = YES;
				GCC_WARN_UNINITIALIZED_AUTOS = YES_AGGRESSIVE;
				GCC_WARN_UNUSED_FUNCTION = YES;
				GCC_WARN_UNUSED_VARIABLE = YES;
				IPHONEOS_DEPLOYMENT_TARGET = 15.2;
				MTL_ENABLE_DEBUG_INFO = NO;
				MTL_FAST_MATH = YES;
				SDKROOT = iphoneos;
				SWIFT_COMPILATION_MODE = wholemodule;
				SWIFT_OPTIMIZATION_LEVEL = "-O";
				VALIDATE_PRODUCT = YES;
			};
			name = Release;
		};
		A34422012869D1CD00CCD8CC /* Debug */ = {
			isa = XCBuildConfiguration;
			buildSettings = {
				ALWAYS_EMBED_SWIFT_STANDARD_LIBRARIES = YES;
				ASSETCATALOG_COMPILER_APPICON_NAME = AppIcon;
				ASSETCATALOG_COMPILER_GLOBAL_ACCENT_COLOR_NAME = AccentColor;
				CODE_SIGN_STYLE = Automatic;
				CURRENT_PROJECT_VERSION = 1;
				DEVELOPMENT_ASSET_PATHS = "\"ImageFeedSwiftUI/Preview Content\"";
				ENABLE_PREVIEWS = YES;
				GENERATE_INFOPLIST_FILE = YES;
				INFOPLIST_KEY_UIApplicationSceneManifest_Generation = YES;
				INFOPLIST_KEY_UIApplicationSupportsIndirectInputEvents = YES;
				INFOPLIST_KEY_UILaunchScreen_Generation = YES;
				INFOPLIST_KEY_UISupportedInterfaceOrientations_iPad = "UIInterfaceOrientationPortrait UIInterfaceOrientationPortraitUpsideDown UIInterfaceOrientationLandscapeLeft UIInterfaceOrientationLandscapeRight";
				INFOPLIST_KEY_UISupportedInterfaceOrientations_iPhone = "UIInterfaceOrientationPortrait UIInterfaceOrientationLandscapeLeft UIInterfaceOrientationLandscapeRight";
				LD_RUNPATH_SEARCH_PATHS = (
					"$(inherited)",
					"@executable_path/Frameworks",
				);
				MARKETING_VERSION = 1.0;
				PRODUCT_BUNDLE_IDENTIFIER = com.pasteboard.ImageFeedSwiftUI;
				PRODUCT_NAME = "$(TARGET_NAME)";
				SWIFT_EMIT_LOC_STRINGS = YES;
				SWIFT_VERSION = 5.0;
				TARGETED_DEVICE_FAMILY = "1,2";
			};
			name = Debug;
		};
		A34422022869D1CD00CCD8CC /* Release */ = {
			isa = XCBuildConfiguration;
			buildSettings = {
				ALWAYS_EMBED_SWIFT_STANDARD_LIBRARIES = YES;
				ASSETCATALOG_COMPILER_APPICON_NAME = AppIcon;
				ASSETCATALOG_COMPILER_GLOBAL_ACCENT_COLOR_NAME = AccentColor;
				CODE_SIGN_STYLE = Automatic;
				CURRENT_PROJECT_VERSION = 1;
				DEVELOPMENT_ASSET_PATHS = "\"ImageFeedSwiftUI/Preview Content\"";
				ENABLE_PREVIEWS = YES;
				GENERATE_INFOPLIST_FILE = YES;
				INFOPLIST_KEY_UIApplicationSceneManifest_Generation = YES;
				INFOPLIST_KEY_UIApplicationSupportsIndirectInputEvents = YES;
				INFOPLIST_KEY_UILaunchScreen_Generation = YES;
				INFOPLIST_KEY_UISupportedInterfaceOrientations_iPad = "UIInterfaceOrientationPortrait UIInterfaceOrientationPortraitUpsideDown UIInterfaceOrientationLandscapeLeft UIInterfaceOrientationLandscapeRight";
				INFOPLIST_KEY_UISupportedInterfaceOrientations_iPhone = "UIInterfaceOrientationPortrait UIInterfaceOrientationLandscapeLeft UIInterfaceOrientationLandscapeRight";
				LD_RUNPATH_SEARCH_PATHS = (
					"$(inherited)",
					"@executable_path/Frameworks",
				);
				MARKETING_VERSION = 1.0;
				PRODUCT_BUNDLE_IDENTIFIER = com.pasteboard.ImageFeedSwiftUI;
				PRODUCT_NAME = "$(TARGET_NAME)";
				SWIFT_EMIT_LOC_STRINGS = YES;
				SWIFT_VERSION = 5.0;
				TARGETED_DEVICE_FAMILY = "1,2";
			};
			name = Release;
		};
		A351B6D728785029004131FB /* Debug */ = {
			isa = XCBuildConfiguration;
			buildSettings = {
				ASSETCATALOG_COMPILER_GLOBAL_ACCENT_COLOR_NAME = AccentColor;
				ASSETCATALOG_COMPILER_WIDGET_BACKGROUND_COLOR_NAME = WidgetBackground;
				CODE_SIGN_STYLE = Automatic;
				CURRENT_PROJECT_VERSION = 1;
				GENERATE_INFOPLIST_FILE = YES;
				INFOPLIST_FILE = ImageFeedWidget/Info.plist;
				INFOPLIST_KEY_CFBundleDisplayName = ImageFeedWidget;
				INFOPLIST_KEY_NSHumanReadableCopyright = "";
				LD_RUNPATH_SEARCH_PATHS = (
					"$(inherited)",
					"@executable_path/Frameworks",
					"@executable_path/../../Frameworks",
				);
				MARKETING_VERSION = 1.0;
				PRODUCT_BUNDLE_IDENTIFIER = com.pasteboard.ImageFeedSwiftUI.ImageFeedWidget;
				PRODUCT_NAME = "$(TARGET_NAME)";
				SKIP_INSTALL = YES;
				SWIFT_EMIT_LOC_STRINGS = YES;
				SWIFT_VERSION = 5.0;
				TARGETED_DEVICE_FAMILY = "1,2";
			};
			name = Debug;
		};
		A351B6D828785029004131FB /* Release */ = {
			isa = XCBuildConfiguration;
			buildSettings = {
				ASSETCATALOG_COMPILER_GLOBAL_ACCENT_COLOR_NAME = AccentColor;
				ASSETCATALOG_COMPILER_WIDGET_BACKGROUND_COLOR_NAME = WidgetBackground;
				CODE_SIGN_STYLE = Automatic;
				CURRENT_PROJECT_VERSION = 1;
				GENERATE_INFOPLIST_FILE = YES;
				INFOPLIST_FILE = ImageFeedWidget/Info.plist;
				INFOPLIST_KEY_CFBundleDisplayName = ImageFeedWidget;
				INFOPLIST_KEY_NSHumanReadableCopyright = "";
				LD_RUNPATH_SEARCH_PATHS = (
					"$(inherited)",
					"@executable_path/Frameworks",
					"@executable_path/../../Frameworks",
				);
				MARKETING_VERSION = 1.0;
				PRODUCT_BUNDLE_IDENTIFIER = com.pasteboard.ImageFeedSwiftUI.ImageFeedWidget;
				PRODUCT_NAME = "$(TARGET_NAME)";
				SKIP_INSTALL = YES;
				SWIFT_EMIT_LOC_STRINGS = YES;
				SWIFT_VERSION = 5.0;
				TARGETED_DEVICE_FAMILY = "1,2";
			};
			name = Release;
		};
/* End XCBuildConfiguration section */

/* Begin XCConfigurationList section */
		A31970EC2885B2EB00182C66 /* Build configuration list for PBXNativeTarget "ImageFeedSwiftUITests" */ = {
			isa = XCConfigurationList;
			buildConfigurations = (
				A31970EA2885B2EB00182C66 /* Debug */,
				A31970EB2885B2EB00182C66 /* Release */,
			);
			defaultConfigurationIsVisible = 0;
			defaultConfigurationName = Release;
		};
		A34421ED2869D1CB00CCD8CC /* Build configuration list for PBXProject "ImageFeedSwiftUI" */ = {
			isa = XCConfigurationList;
			buildConfigurations = (
				A34421FE2869D1CD00CCD8CC /* Debug */,
				A34421FF2869D1CD00CCD8CC /* Release */,
			);
			defaultConfigurationIsVisible = 0;
			defaultConfigurationName = Release;
		};
		A34422002869D1CD00CCD8CC /* Build configuration list for PBXNativeTarget "ImageFeedSwiftUI" */ = {
			isa = XCConfigurationList;
			buildConfigurations = (
				A34422012869D1CD00CCD8CC /* Debug */,
				A34422022869D1CD00CCD8CC /* Release */,
			);
			defaultConfigurationIsVisible = 0;
			defaultConfigurationName = Release;
		};
		A351B6D928785029004131FB /* Build configuration list for PBXNativeTarget "ImageFeedWidgetExtension" */ = {
			isa = XCConfigurationList;
			buildConfigurations = (
				A351B6D728785029004131FB /* Debug */,
				A351B6D828785029004131FB /* Release */,
			);
			defaultConfigurationIsVisible = 0;
			defaultConfigurationName = Release;
		};
/* End XCConfigurationList section */

/* Begin XCRemoteSwiftPackageReference section */
		A3A2A1872876DFE400EB78C2 /* XCRemoteSwiftPackageReference "swiftui-infinite-list" */ = {
			isa = XCRemoteSwiftPackageReference;
			repositoryURL = "https://github.com/globulus/swiftui-infinite-list";
			requirement = {
				kind = upToNextMajorVersion;
				minimumVersion = 1.0.0;
			};
		};
		A3D60D2A2881603D00C62659 /* XCRemoteSwiftPackageReference "Reachability" */ = {
			isa = XCRemoteSwiftPackageReference;
			repositoryURL = "https://github.com/ashleymills/Reachability.swift";
			requirement = {
				branch = master;
				kind = branch;
			};
		};
/* End XCRemoteSwiftPackageReference section */

/* Begin XCSwiftPackageProductDependency section */
		A3A2A1882876DFE400EB78C2 /* SwiftUIInfiniteList */ = {
			isa = XCSwiftPackageProductDependency;
			package = A3A2A1872876DFE400EB78C2 /* XCRemoteSwiftPackageReference "swiftui-infinite-list" */;
			productName = SwiftUIInfiniteList;
		};
		A3D60D2B2881603D00C62659 /* Reachability */ = {
			isa = XCSwiftPackageProductDependency;
			package = A3D60D2A2881603D00C62659 /* XCRemoteSwiftPackageReference "Reachability" */;
			productName = Reachability;
		};
/* End XCSwiftPackageProductDependency section */
	};
	rootObject = A34421EA2869D1CB00CCD8CC /* Project object */;
}
